# This file is automatically @generated by Poetry 2.1.3 and should not be changed by hand.

[[package]]
name = "absl-py"
version = "2.2.2"
description = "Abseil Python Common Libraries, see https://github.com/abseil/abseil-py."
optional = false
python-versions = ">=3.8"
groups = ["main"]
files = [
    {file = "absl_py-2.2.2-py3-none-any.whl", hash = "sha256:e5797bc6abe45f64fd95dc06394ca3f2bedf3b5d895e9da691c9ee3397d70092"},
    {file = "absl_py-2.2.2.tar.gz", hash = "sha256:bf25b2c2eed013ca456918c453d687eab4e8309fba81ee2f4c1a6aa2494175eb"},
]

[[package]]
name = "colorama"
version = "0.4.6"
description = "Cross-platform colored terminal text."
optional = false
python-versions = "!=3.0.*,!=3.1.*,!=3.2.*,!=3.3.*,!=3.4.*,!=3.5.*,!=3.6.*,>=2.7"
groups = ["dev"]
markers = "sys_platform == \"win32\""
files = [
    {file = "colorama-0.4.6-py2.py3-none-any.whl", hash = "sha256:4f1d9991f5acc0ca119f9d443620b77f9d6b33703e51011c16baf57afb285fc6"},
    {file = "colorama-0.4.6.tar.gz", hash = "sha256:08695f5cb7ed6e0531a20572697297273c47b8cae5a63ffc6d6ed5c201be6e44"},
]

[[package]]
name = "exceptiongroup"
version = "1.3.0"
description = "Backport of PEP 654 (exception groups)"
optional = false
python-versions = ">=3.7"
groups = ["dev"]
markers = "python_version == \"3.10\""
files = [
    {file = "exceptiongroup-1.3.0-py3-none-any.whl", hash = "sha256:4d111e6e0c13d0644cad6ddaa7ed0261a0b36971f6d23e7ec9b4b9097da78a10"},
    {file = "exceptiongroup-1.3.0.tar.gz", hash = "sha256:b241f5885f560bc56a59ee63ca4c6a8bfa46ae4ad651af316d4e81817bb9fd88"},
]

[package.dependencies]
typing-extensions = {version = ">=4.6.0", markers = "python_version < \"3.13\""}

[package.extras]
test = ["pytest (>=6)"]

[[package]]
name = "h5py"
version = "3.13.0"
description = "Read and write HDF5 files from Python"
optional = false
python-versions = ">=3.9"
groups = ["main"]
files = [
    {file = "h5py-3.13.0-cp310-cp310-macosx_10_9_x86_64.whl", hash = "sha256:5540daee2b236d9569c950b417f13fd112d51d78b4c43012de05774908dff3f5"},
    {file = "h5py-3.13.0-cp310-cp310-macosx_11_0_arm64.whl", hash = "sha256:10894c55d46df502d82a7a4ed38f9c3fdbcb93efb42e25d275193e093071fade"},
    {file = "h5py-3.13.0-cp310-cp310-manylinux_2_17_aarch64.manylinux2014_aarch64.whl", hash = "sha256:fb267ce4b83f9c42560e9ff4d30f60f7ae492eacf9c7ede849edf8c1b860e16b"},
    {file = "h5py-3.13.0-cp310-cp310-manylinux_2_17_x86_64.manylinux2014_x86_64.whl", hash = "sha256:d2cf6a231a07c14acd504a945a6e9ec115e0007f675bde5e0de30a4dc8d86a31"},
    {file = "h5py-3.13.0-cp310-cp310-win_amd64.whl", hash = "sha256:851ae3a8563d87a5a0dc49c2e2529c75b8842582ccaefbf84297d2cfceeacd61"},
    {file = "h5py-3.13.0-cp311-cp311-macosx_10_9_x86_64.whl", hash = "sha256:8a8e38ef4ceb969f832cc230c0cf808c613cc47e31e768fd7b1106c55afa1cb8"},
    {file = "h5py-3.13.0-cp311-cp311-macosx_11_0_arm64.whl", hash = "sha256:f35640e81b03c02a88b8bf99fb6a9d3023cc52f7c627694db2f379e0028f2868"},
    {file = "h5py-3.13.0-cp311-cp311-manylinux_2_17_aarch64.manylinux2014_aarch64.whl", hash = "sha256:337af114616f3656da0c83b68fcf53ecd9ce9989a700b0883a6e7c483c3235d4"},
    {file = "h5py-3.13.0-cp311-cp311-manylinux_2_17_x86_64.manylinux2014_x86_64.whl", hash = "sha256:782ff0ac39f455f21fd1c8ebc007328f65f43d56718a89327eec76677ebf238a"},
    {file = "h5py-3.13.0-cp311-cp311-win_amd64.whl", hash = "sha256:22ffe2a25770a2d67213a1b94f58006c14dce06933a42d2aaa0318c5868d1508"},
    {file = "h5py-3.13.0-cp312-cp312-macosx_10_13_x86_64.whl", hash = "sha256:477c58307b6b9a2509c59c57811afb9f598aedede24a67da808262dfa0ee37b4"},
    {file = "h5py-3.13.0-cp312-cp312-macosx_11_0_arm64.whl", hash = "sha256:57c4c74f627c616f02b7aec608a8c706fe08cb5b0ba7c08555a4eb1dde20805a"},
    {file = "h5py-3.13.0-cp312-cp312-manylinux_2_17_aarch64.manylinux2014_aarch64.whl", hash = "sha256:357e6dc20b101a805ccfd0024731fbaf6e8718c18c09baf3b5e4e9d198d13fca"},
    {file = "h5py-3.13.0-cp312-cp312-manylinux_2_17_x86_64.manylinux2014_x86_64.whl", hash = "sha256:d6f13f9b5ce549448c01e4dfe08ea8d1772e6078799af2c1c8d09e941230a90d"},
    {file = "h5py-3.13.0-cp312-cp312-win_amd64.whl", hash = "sha256:21daf38171753899b5905f3d82c99b0b1ec2cbbe282a037cad431feb620e62ec"},
    {file = "h5py-3.13.0-cp313-cp313-macosx_10_13_x86_64.whl", hash = "sha256:e520ec76de00943dd017c8ea3f354fa1d2f542eac994811943a8faedf2a7d5cb"},
    {file = "h5py-3.13.0-cp313-cp313-macosx_11_0_arm64.whl", hash = "sha256:e79d8368cd9295045956bfb436656bea3f915beaa11d342e9f79f129f5178763"},
    {file = "h5py-3.13.0-cp313-cp313-manylinux_2_17_aarch64.manylinux2014_aarch64.whl", hash = "sha256:56dd172d862e850823c4af02dc4ddbc308f042b85472ffdaca67f1598dff4a57"},
    {file = "h5py-3.13.0-cp313-cp313-manylinux_2_17_x86_64.manylinux2014_x86_64.whl", hash = "sha256:be949b46b7388074c5acae017fbbe3e5ba303fd9daaa52157fdfef30bbdacadd"},
    {file = "h5py-3.13.0-cp313-cp313-win_amd64.whl", hash = "sha256:4f97ecde7ac6513b21cd95efdfc38dc6d19f96f6ca6f2a30550e94e551458e0a"},
    {file = "h5py-3.13.0-cp39-cp39-macosx_10_9_x86_64.whl", hash = "sha256:82690e89c72b85addf4fc4d5058fb1e387b6c14eb063b0b879bf3f42c3b93c35"},
    {file = "h5py-3.13.0-cp39-cp39-macosx_11_0_arm64.whl", hash = "sha256:d571644958c5e19a61c793d8d23cd02479572da828e333498c9acc463f4a3997"},
    {file = "h5py-3.13.0-cp39-cp39-manylinux_2_17_aarch64.manylinux2014_aarch64.whl", hash = "sha256:560e71220dc92dfa254b10a4dcb12d56b574d2d87e095db20466b32a93fec3f9"},
    {file = "h5py-3.13.0-cp39-cp39-manylinux_2_17_x86_64.manylinux2014_x86_64.whl", hash = "sha256:c10f061764d8dce0a9592ce08bfd5f243a00703325c388f1086037e5d619c5f1"},
    {file = "h5py-3.13.0-cp39-cp39-win_amd64.whl", hash = "sha256:9c82ece71ed1c2b807b6628e3933bc6eae57ea21dac207dca3470e3ceaaf437c"},
    {file = "h5py-3.13.0.tar.gz", hash = "sha256:1870e46518720023da85d0895a1960ff2ce398c5671eac3b1a41ec696b7105c3"},
]

[package.dependencies]
numpy = ">=1.19.3"

[[package]]
name = "iniconfig"
version = "2.1.0"
description = "brain-dead simple config-ini parsing"
optional = false
python-versions = ">=3.8"
groups = ["dev"]
files = [
    {file = "iniconfig-2.1.0-py3-none-any.whl", hash = "sha256:9deba5723312380e77435581c6bf4935c94cbfab9b1ed33ef8d238ea168eb760"},
    {file = "iniconfig-2.1.0.tar.gz", hash = "sha256:3abbd2e30b36733fee78f9c7f7308f2d0050e88f0087fd25c2645f63c773e1c7"},
]

[[package]]
name = "keras"
version = "3.9.2"
description = "Multi-backend Keras"
optional = false
python-versions = ">=3.9"
groups = ["main"]
files = [
    {file = "keras-3.9.2-py3-none-any.whl", hash = "sha256:404427856c2dc30e38c9fa6fa6a13ffb1844a8c35af312ca32a8e7dea9840f1e"},
    {file = "keras-3.9.2.tar.gz", hash = "sha256:322aab6418ee3de1e2bd0871b60a07f0e444e744a7e8cba79af8b42408879ecf"},
]

[package.dependencies]
absl-py = "*"
h5py = "*"
ml-dtypes = "*"
namex = "*"
numpy = "*"
optree = "*"
packaging = "*"
rich = "*"

[[package]]
name = "markdown-it-py"
version = "3.0.0"
description = "Python port of markdown-it. Markdown parsing, done right!"
optional = false
python-versions = ">=3.8"
groups = ["main"]
files = [
    {file = "markdown-it-py-3.0.0.tar.gz", hash = "sha256:e3f60a94fa066dc52ec76661e37c851cb232d92f9886b15cb560aaada2df8feb"},
    {file = "markdown_it_py-3.0.0-py3-none-any.whl", hash = "sha256:355216845c60bd96232cd8d8c40e8f9765cc86f46880e43a8fd22dc1a1a8cab1"},
]

[package.dependencies]
mdurl = ">=0.1,<1.0"

[package.extras]
benchmarking = ["psutil", "pytest", "pytest-benchmark"]
code-style = ["pre-commit (>=3.0,<4.0)"]
compare = ["commonmark (>=0.9,<1.0)", "markdown (>=3.4,<4.0)", "mistletoe (>=1.0,<2.0)", "mistune (>=2.0,<3.0)", "panflute (>=2.3,<3.0)"]
linkify = ["linkify-it-py (>=1,<3)"]
plugins = ["mdit-py-plugins"]
profiling = ["gprof2dot"]
rtd = ["jupyter_sphinx", "mdit-py-plugins", "myst-parser", "pyyaml", "sphinx", "sphinx-copybutton", "sphinx-design", "sphinx_book_theme"]
testing = ["coverage", "pytest", "pytest-cov", "pytest-regressions"]

[[package]]
name = "mdurl"
version = "0.1.2"
description = "Markdown URL utilities"
optional = false
python-versions = ">=3.7"
groups = ["main"]
files = [
    {file = "mdurl-0.1.2-py3-none-any.whl", hash = "sha256:84008a41e51615a49fc9966191ff91509e3c40b939176e643fd50a5c2196b8f8"},
    {file = "mdurl-0.1.2.tar.gz", hash = "sha256:bb413d29f5eea38f31dd4754dd7377d4465116fb207585f97bf925588687c1ba"},
]

[[package]]
name = "ml-dtypes"
version = "0.5.1"
description = ""
optional = false
python-versions = ">=3.9"
groups = ["main"]
files = [
    {file = "ml_dtypes-0.5.1-cp310-cp310-macosx_10_9_universal2.whl", hash = "sha256:bd73f51957949069573ff783563486339a9285d72e2f36c18e0c1aa9ca7eb190"},
    {file = "ml_dtypes-0.5.1-cp310-cp310-manylinux_2_17_aarch64.manylinux2014_aarch64.whl", hash = "sha256:810512e2eccdfc3b41eefa3a27402371a3411453a1efc7e9c000318196140fed"},
    {file = "ml_dtypes-0.5.1-cp310-cp310-manylinux_2_17_x86_64.manylinux2014_x86_64.whl", hash = "sha256:141b2ea2f20bb10802ddca55d91fe21231ef49715cfc971998e8f2a9838f3dbe"},
    {file = "ml_dtypes-0.5.1-cp310-cp310-win_amd64.whl", hash = "sha256:26ebcc69d7b779c8f129393e99732961b5cc33fcff84090451f448c89b0e01b4"},
    {file = "ml_dtypes-0.5.1-cp311-cp311-macosx_10_9_universal2.whl", hash = "sha256:023ce2f502efd4d6c1e0472cc58ce3640d051d40e71e27386bed33901e201327"},
    {file = "ml_dtypes-0.5.1-cp311-cp311-manylinux_2_17_aarch64.manylinux2014_aarch64.whl", hash = "sha256:7000b6e4d8ef07542c05044ec5d8bbae1df083b3f56822c3da63993a113e716f"},
    {file = "ml_dtypes-0.5.1-cp311-cp311-manylinux_2_17_x86_64.manylinux2014_x86_64.whl", hash = "sha256:c09526488c3a9e8b7a23a388d4974b670a9a3dd40c5c8a61db5593ce9b725bab"},
    {file = "ml_dtypes-0.5.1-cp311-cp311-win_amd64.whl", hash = "sha256:15ad0f3b0323ce96c24637a88a6f44f6713c64032f27277b069f285c3cf66478"},
    {file = "ml_dtypes-0.5.1-cp312-cp312-macosx_10_9_universal2.whl", hash = "sha256:6f462f5eca22fb66d7ff9c4744a3db4463af06c49816c4b6ac89b16bfcdc592e"},
    {file = "ml_dtypes-0.5.1-cp312-cp312-manylinux_2_17_aarch64.manylinux2014_aarch64.whl", hash = "sha256:6f76232163b5b9c34291b54621ee60417601e2e4802a188a0ea7157cd9b323f4"},
    {file = "ml_dtypes-0.5.1-cp312-cp312-manylinux_2_17_x86_64.manylinux2014_x86_64.whl", hash = "sha256:ad4953c5eb9c25a56d11a913c2011d7e580a435ef5145f804d98efa14477d390"},
    {file = "ml_dtypes-0.5.1-cp312-cp312-win_amd64.whl", hash = "sha256:9626d0bca1fb387d5791ca36bacbba298c5ef554747b7ebeafefb4564fc83566"},
    {file = "ml_dtypes-0.5.1-cp313-cp313-macosx_10_13_universal2.whl", hash = "sha256:12651420130ee7cc13059fc56dac6ad300c3af3848b802d475148c9defd27c23"},
    {file = "ml_dtypes-0.5.1-cp313-cp313-manylinux_2_17_aarch64.manylinux2014_aarch64.whl", hash = "sha256:c9945669d3dadf8acb40ec2e57d38c985d8c285ea73af57fc5b09872c516106d"},
    {file = "ml_dtypes-0.5.1-cp313-cp313-manylinux_2_17_x86_64.manylinux2014_x86_64.whl", hash = "sha256:bf9975bda82a99dc935f2ae4c83846d86df8fd6ba179614acac8e686910851da"},
    {file = "ml_dtypes-0.5.1-cp313-cp313-win_amd64.whl", hash = "sha256:fd918d4e6a4e0c110e2e05be7a7814d10dc1b95872accbf6512b80a109b71ae1"},
    {file = "ml_dtypes-0.5.1-cp313-cp313t-macosx_10_13_universal2.whl", hash = "sha256:05f23447a1c20ddf4dc7c2c661aa9ed93fcb2658f1017c204d1e758714dc28a8"},
    {file = "ml_dtypes-0.5.1-cp313-cp313t-manylinux_2_17_aarch64.manylinux2014_aarch64.whl", hash = "sha256:1b7fbe5571fdf28fd3aaab3ef4aafc847de9ebf263be959958c1ca58ec8eadf5"},
    {file = "ml_dtypes-0.5.1-cp313-cp313t-manylinux_2_17_x86_64.manylinux2014_x86_64.whl", hash = "sha256:d13755f8e8445b3870114e5b6240facaa7cb0c3361e54beba3e07fa912a6e12b"},
    {file = "ml_dtypes-0.5.1-cp39-cp39-macosx_10_9_universal2.whl", hash = "sha256:b8a9d46b4df5ae2135a8e8e72b465448ebbc1559997f4f9304a9ecc3413efb5b"},
    {file = "ml_dtypes-0.5.1-cp39-cp39-manylinux_2_17_aarch64.manylinux2014_aarch64.whl", hash = "sha256:afb2009ac98da274e893e03162f6269398b2b00d947e7057ee2469a921d58135"},
    {file = "ml_dtypes-0.5.1-cp39-cp39-manylinux_2_17_x86_64.manylinux2014_x86_64.whl", hash = "sha256:aefedc579ece2f8fb38f876aa7698204ee4c372d0e54f1c1ffa8ca580b54cc60"},
    {file = "ml_dtypes-0.5.1-cp39-cp39-win_amd64.whl", hash = "sha256:8f2c028954f16ede77902b223a8da2d9cbb3892375b85809a5c3cfb1587960c4"},
    {file = "ml_dtypes-0.5.1.tar.gz", hash = "sha256:ac5b58559bb84a95848ed6984eb8013249f90b6bab62aa5acbad876e256002c9"},
]

[package.dependencies]
numpy = [
    {version = ">=2.1.0", markers = "python_version >= \"3.13\""},
    {version = ">=1.26.0", markers = "python_version == \"3.12\""},
    {version = ">=1.23.3", markers = "python_version == \"3.11\""},
    {version = ">=1.21.2", markers = "python_version == \"3.10\""},
]

[package.extras]
dev = ["absl-py", "pyink", "pylint (>=2.6.0)", "pytest", "pytest-xdist"]

[[package]]
name = "namex"
version = "0.0.9"
description = "A simple utility to separate the implementation of your Python package and its public API surface."
optional = false
python-versions = "*"
groups = ["main"]
files = [
    {file = "namex-0.0.9-py3-none-any.whl", hash = "sha256:7bd4e4a2cc3876592111609fdf4cbe6ff19883adbe6b3b40d842fd340f77025e"},
    {file = "namex-0.0.9.tar.gz", hash = "sha256:8adfea9da5cea5be8f4e632349b4669e30172c7859e1fd97459fdf3b17469253"},
]

[[package]]
name = "numpy"
version = "2.2.5"
description = "Fundamental package for array computing in Python"
optional = false
python-versions = ">=3.10"
groups = ["main"]
files = [
    {file = "numpy-2.2.5-cp310-cp310-macosx_10_9_x86_64.whl", hash = "sha256:1f4a922da1729f4c40932b2af4fe84909c7a6e167e6e99f71838ce3a29f3fe26"},
    {file = "numpy-2.2.5-cp310-cp310-macosx_11_0_arm64.whl", hash = "sha256:b6f91524d31b34f4a5fee24f5bc16dcd1491b668798b6d85585d836c1e633a6a"},
    {file = "numpy-2.2.5-cp310-cp310-macosx_14_0_arm64.whl", hash = "sha256:19f4718c9012e3baea91a7dba661dcab2451cda2550678dc30d53acb91a7290f"},
    {file = "numpy-2.2.5-cp310-cp310-macosx_14_0_x86_64.whl", hash = "sha256:eb7fd5b184e5d277afa9ec0ad5e4eb562ecff541e7f60e69ee69c8d59e9aeaba"},
    {file = "numpy-2.2.5-cp310-cp310-manylinux_2_17_aarch64.manylinux2014_aarch64.whl", hash = "sha256:6413d48a9be53e183eb06495d8e3b006ef8f87c324af68241bbe7a39e8ff54c3"},
    {file = "numpy-2.2.5-cp310-cp310-manylinux_2_17_x86_64.manylinux2014_x86_64.whl", hash = "sha256:7451f92eddf8503c9b8aa4fe6aa7e87fd51a29c2cfc5f7dbd72efde6c65acf57"},
    {file = "numpy-2.2.5-cp310-cp310-musllinux_1_2_aarch64.whl", hash = "sha256:0bcb1d057b7571334139129b7f941588f69ce7c4ed15a9d6162b2ea54ded700c"},
    {file = "numpy-2.2.5-cp310-cp310-musllinux_1_2_x86_64.whl", hash = "sha256:36ab5b23915887543441efd0417e6a3baa08634308894316f446027611b53bf1"},
    {file = "numpy-2.2.5-cp310-cp310-win32.whl", hash = "sha256:422cc684f17bc963da5f59a31530b3936f57c95a29743056ef7a7903a5dbdf88"},
    {file = "numpy-2.2.5-cp310-cp310-win_amd64.whl", hash = "sha256:e4f0b035d9d0ed519c813ee23e0a733db81ec37d2e9503afbb6e54ccfdee0fa7"},
    {file = "numpy-2.2.5-cp311-cp311-macosx_10_9_x86_64.whl", hash = "sha256:c42365005c7a6c42436a54d28c43fe0e01ca11eb2ac3cefe796c25a5f98e5e9b"},
    {file = "numpy-2.2.5-cp311-cp311-macosx_11_0_arm64.whl", hash = "sha256:498815b96f67dc347e03b719ef49c772589fb74b8ee9ea2c37feae915ad6ebda"},
    {file = "numpy-2.2.5-cp311-cp311-macosx_14_0_arm64.whl", hash = "sha256:6411f744f7f20081b1b4e7112e0f4c9c5b08f94b9f086e6f0adf3645f85d3a4d"},
    {file = "numpy-2.2.5-cp311-cp311-macosx_14_0_x86_64.whl", hash = "sha256:9de6832228f617c9ef45d948ec1cd8949c482238d68b2477e6f642c33a7b0a54"},
    {file = "numpy-2.2.5-cp311-cp311-manylinux_2_17_aarch64.manylinux2014_aarch64.whl", hash = "sha256:369e0d4647c17c9363244f3468f2227d557a74b6781cb62ce57cf3ef5cc7c610"},
    {file = "numpy-2.2.5-cp311-cp311-manylinux_2_17_x86_64.manylinux2014_x86_64.whl", hash = "sha256:262d23f383170f99cd9191a7c85b9a50970fe9069b2f8ab5d786eca8a675d60b"},
    {file = "numpy-2.2.5-cp311-cp311-musllinux_1_2_aarch64.whl", hash = "sha256:aa70fdbdc3b169d69e8c59e65c07a1c9351ceb438e627f0fdcd471015cd956be"},
    {file = "numpy-2.2.5-cp311-cp311-musllinux_1_2_x86_64.whl", hash = "sha256:37e32e985f03c06206582a7323ef926b4e78bdaa6915095ef08070471865b906"},
    {file = "numpy-2.2.5-cp311-cp311-win32.whl", hash = "sha256:f5045039100ed58fa817a6227a356240ea1b9a1bc141018864c306c1a16d4175"},
    {file = "numpy-2.2.5-cp311-cp311-win_amd64.whl", hash = "sha256:b13f04968b46ad705f7c8a80122a42ae8f620536ea38cf4bdd374302926424dd"},
    {file = "numpy-2.2.5-cp312-cp312-macosx_10_13_x86_64.whl", hash = "sha256:ee461a4eaab4f165b68780a6a1af95fb23a29932be7569b9fab666c407969051"},
    {file = "numpy-2.2.5-cp312-cp312-macosx_11_0_arm64.whl", hash = "sha256:ec31367fd6a255dc8de4772bd1658c3e926d8e860a0b6e922b615e532d320ddc"},
    {file = "numpy-2.2.5-cp312-cp312-macosx_14_0_arm64.whl", hash = "sha256:47834cde750d3c9f4e52c6ca28a7361859fcaf52695c7dc3cc1a720b8922683e"},
    {file = "numpy-2.2.5-cp312-cp312-macosx_14_0_x86_64.whl", hash = "sha256:2c1a1c6ccce4022383583a6ded7bbcda22fc635eb4eb1e0a053336425ed36dfa"},
    {file = "numpy-2.2.5-cp312-cp312-manylinux_2_17_aarch64.manylinux2014_aarch64.whl", hash = "sha256:9d75f338f5f79ee23548b03d801d28a505198297534f62416391857ea0479571"},
    {file = "numpy-2.2.5-cp312-cp312-manylinux_2_17_x86_64.manylinux2014_x86_64.whl", hash = "sha256:3a801fef99668f309b88640e28d261991bfad9617c27beda4a3aec4f217ea073"},
    {file = "numpy-2.2.5-cp312-cp312-musllinux_1_2_aarch64.whl", hash = "sha256:abe38cd8381245a7f49967a6010e77dbf3680bd3627c0fe4362dd693b404c7f8"},
    {file = "numpy-2.2.5-cp312-cp312-musllinux_1_2_x86_64.whl", hash = "sha256:5a0ac90e46fdb5649ab6369d1ab6104bfe5854ab19b645bf5cda0127a13034ae"},
    {file = "numpy-2.2.5-cp312-cp312-win32.whl", hash = "sha256:0cd48122a6b7eab8f06404805b1bd5856200e3ed6f8a1b9a194f9d9054631beb"},
    {file = "numpy-2.2.5-cp312-cp312-win_amd64.whl", hash = "sha256:ced69262a8278547e63409b2653b372bf4baff0870c57efa76c5703fd6543282"},
    {file = "numpy-2.2.5-cp313-cp313-macosx_10_13_x86_64.whl", hash = "sha256:059b51b658f4414fff78c6d7b1b4e18283ab5fa56d270ff212d5ba0c561846f4"},
    {file = "numpy-2.2.5-cp313-cp313-macosx_11_0_arm64.whl", hash = "sha256:47f9ed103af0bc63182609044b0490747e03bd20a67e391192dde119bf43d52f"},
    {file = "numpy-2.2.5-cp313-cp313-macosx_14_0_arm64.whl", hash = "sha256:261a1ef047751bb02f29dfe337230b5882b54521ca121fc7f62668133cb119c9"},
    {file = "numpy-2.2.5-cp313-cp313-macosx_14_0_x86_64.whl", hash = "sha256:4520caa3807c1ceb005d125a75e715567806fed67e315cea619d5ec6e75a4191"},
    {file = "numpy-2.2.5-cp313-cp313-manylinux_2_17_aarch64.manylinux2014_aarch64.whl", hash = "sha256:3d14b17b9be5f9c9301f43d2e2a4886a33b53f4e6fdf9ca2f4cc60aeeee76372"},
    {file = "numpy-2.2.5-cp313-cp313-manylinux_2_17_x86_64.manylinux2014_x86_64.whl", hash = "sha256:2ba321813a00e508d5421104464510cc962a6f791aa2fca1c97b1e65027da80d"},
    {file = "numpy-2.2.5-cp313-cp313-musllinux_1_2_aarch64.whl", hash = "sha256:a4cbdef3ddf777423060c6f81b5694bad2dc9675f110c4b2a60dc0181543fac7"},
    {file = "numpy-2.2.5-cp313-cp313-musllinux_1_2_x86_64.whl", hash = "sha256:54088a5a147ab71a8e7fdfd8c3601972751ded0739c6b696ad9cb0343e21ab73"},
    {file = "numpy-2.2.5-cp313-cp313-win32.whl", hash = "sha256:c8b82a55ef86a2d8e81b63da85e55f5537d2157165be1cb2ce7cfa57b6aef38b"},
    {file = "numpy-2.2.5-cp313-cp313-win_amd64.whl", hash = "sha256:d8882a829fd779f0f43998e931c466802a77ca1ee0fe25a3abe50278616b1471"},
    {file = "numpy-2.2.5-cp313-cp313t-macosx_10_13_x86_64.whl", hash = "sha256:e8b025c351b9f0e8b5436cf28a07fa4ac0204d67b38f01433ac7f9b870fa38c6"},
    {file = "numpy-2.2.5-cp313-cp313t-macosx_11_0_arm64.whl", hash = "sha256:8dfa94b6a4374e7851bbb6f35e6ded2120b752b063e6acdd3157e4d2bb922eba"},
    {file = "numpy-2.2.5-cp313-cp313t-macosx_14_0_arm64.whl", hash = "sha256:97c8425d4e26437e65e1d189d22dff4a079b747ff9c2788057bfb8114ce1e133"},
    {file = "numpy-2.2.5-cp313-cp313t-macosx_14_0_x86_64.whl", hash = "sha256:352d330048c055ea6db701130abc48a21bec690a8d38f8284e00fab256dc1376"},
    {file = "numpy-2.2.5-cp313-cp313t-manylinux_2_17_aarch64.manylinux2014_aarch64.whl", hash = "sha256:8b4c0773b6ada798f51f0f8e30c054d32304ccc6e9c5d93d46cb26f3d385ab19"},
    {file = "numpy-2.2.5-cp313-cp313t-manylinux_2_17_x86_64.manylinux2014_x86_64.whl", hash = "sha256:55f09e00d4dccd76b179c0f18a44f041e5332fd0e022886ba1c0bbf3ea4a18d0"},
    {file = "numpy-2.2.5-cp313-cp313t-musllinux_1_2_aarch64.whl", hash = "sha256:02f226baeefa68f7d579e213d0f3493496397d8f1cff5e2b222af274c86a552a"},
    {file = "numpy-2.2.5-cp313-cp313t-musllinux_1_2_x86_64.whl", hash = "sha256:c26843fd58f65da9491165072da2cccc372530681de481ef670dcc8e27cfb066"},
    {file = "numpy-2.2.5-cp313-cp313t-win32.whl", hash = "sha256:1a161c2c79ab30fe4501d5a2bbfe8b162490757cf90b7f05be8b80bc02f7bb8e"},
    {file = "numpy-2.2.5-cp313-cp313t-win_amd64.whl", hash = "sha256:d403c84991b5ad291d3809bace5e85f4bbf44a04bdc9a88ed2bb1807b3360bb8"},
    {file = "numpy-2.2.5-pp310-pypy310_pp73-macosx_10_15_x86_64.whl", hash = "sha256:b4ea7e1cff6784e58fe281ce7e7f05036b3e1c89c6f922a6bfbc0a7e8768adbe"},
    {file = "numpy-2.2.5-pp310-pypy310_pp73-macosx_14_0_x86_64.whl", hash = "sha256:d7543263084a85fbc09c704b515395398d31d6395518446237eac219eab9e55e"},
    {file = "numpy-2.2.5-pp310-pypy310_pp73-manylinux_2_17_x86_64.manylinux2014_x86_64.whl", hash = "sha256:0255732338c4fdd00996c0421884ea8a3651eea555c3a56b84892b66f696eb70"},
    {file = "numpy-2.2.5-pp310-pypy310_pp73-win_amd64.whl", hash = "sha256:d2e3bdadaba0e040d1e7ab39db73e0afe2c74ae277f5614dad53eadbecbbb169"},
    {file = "numpy-2.2.5.tar.gz", hash = "sha256:a9c0d994680cd991b1cb772e8b297340085466a6fe964bc9d4e80f5e2f43c291"},
]

[[package]]
name = "optree"
version = "0.15.0"
description = "Optimized PyTree Utilities."
optional = false
python-versions = ">=3.8"
groups = ["main"]
files = [
    {file = "optree-0.15.0-cp310-cp310-macosx_10_9_universal2.whl", hash = "sha256:6e73e390520a545ebcaa0b77fd77943a85d1952df658268129e6c523d4d38972"},
    {file = "optree-0.15.0-cp310-cp310-macosx_11_0_arm64.whl", hash = "sha256:c45593a818c67b72fd0beaeaa6410fa3c5debd39af500127fa367f8ee1f4bd8e"},
    {file = "optree-0.15.0-cp310-cp310-manylinux_2_17_aarch64.manylinux2014_aarch64.whl", hash = "sha256:e4e440de109529ce919d0a0a4fa234d3b949da6f99630c9406c9f21160800831"},
    {file = "optree-0.15.0-cp310-cp310-manylinux_2_17_i686.manylinux2014_i686.whl", hash = "sha256:7614ad2f7bde7b905c897011be573d89a9cb5cf851784ee8efb0020d8e067b27"},
    {file = "optree-0.15.0-cp310-cp310-manylinux_2_17_ppc64le.manylinux2014_ppc64le.whl", hash = "sha256:655ab99f9f9570fbb124f81fdf7e480250b59b1f1d9bd07df04c8751eecc1450"},
    {file = "optree-0.15.0-cp310-cp310-manylinux_2_17_s390x.manylinux2014_s390x.whl", hash = "sha256:e63b965b62f461513983095750fd1331cad5674153bf3811bd7e2748044df4cd"},
    {file = "optree-0.15.0-cp310-cp310-manylinux_2_17_x86_64.manylinux2014_x86_64.whl", hash = "sha256:14e515b011d965bd3f7aeb021bb523265cb49fde47be0033ba5601e386fff90a"},
    {file = "optree-0.15.0-cp310-cp310-win32.whl", hash = "sha256:27031f507828c18606047e695129e9ec9678cd4321f57856da59c7fcc8f8666c"},
    {file = "optree-0.15.0-cp310-cp310-win_amd64.whl", hash = "sha256:f0392bebcd24fc70ca9a397c1eb2373727fa775e1007f27f3983c50f16a98e45"},
    {file = "optree-0.15.0-cp310-cp310-win_arm64.whl", hash = "sha256:c3122f73eca03e38712ceee16a6acf75d5244ba8b8d1adf5cd6613d1a60a6c26"},
    {file = "optree-0.15.0-cp311-cp311-macosx_10_9_universal2.whl", hash = "sha256:c15d98e6f587badb9df67d67fa914fcfa0b63db2db270951915c563816c29f3d"},
    {file = "optree-0.15.0-cp311-cp311-macosx_11_0_arm64.whl", hash = "sha256:f8d58949ef132beb3a025ace512a71a0fcf92e0e5ef350f289f33a782ae6cb85"},
    {file = "optree-0.15.0-cp311-cp311-manylinux_2_17_aarch64.manylinux2014_aarch64.whl", hash = "sha256:f71d4759de0c4abc132dab69d1aa6ea4561ba748efabeee7b25db57c08652b79"},
    {file = "optree-0.15.0-cp311-cp311-manylinux_2_17_i686.manylinux2014_i686.whl", hash = "sha256:4ba65d4c48d76bd5caac7f0b1b8db55223c1c3707d26f6d1d2ff18baf6f81850"},
    {file = "optree-0.15.0-cp311-cp311-manylinux_2_17_ppc64le.manylinux2014_ppc64le.whl", hash = "sha256:aad3878acdb082701e5f77a153cd86af8819659bfa7e27debd0dc1a52f16c365"},
    {file = "optree-0.15.0-cp311-cp311-manylinux_2_17_s390x.manylinux2014_s390x.whl", hash = "sha256:6676b8c3f4cd4c8d8d052b66767a9e4cf852627bf256da6e49d2c38a95f07712"},
    {file = "optree-0.15.0-cp311-cp311-manylinux_2_17_x86_64.manylinux2014_x86_64.whl", hash = "sha256:a1f185b0d21bc4dda1f4fd03f5ba9e2bc9d28ca14bce3ce3d36b5817140a345e"},
    {file = "optree-0.15.0-cp311-cp311-win32.whl", hash = "sha256:927b579a76c13b9328580c09dd4a9947646531f0a371a170a785002c50dedb94"},
    {file = "optree-0.15.0-cp311-cp311-win_amd64.whl", hash = "sha256:d6525d6a550a1030957e5205e57a415d608a9f7561154e0fb29670e967424578"},
    {file = "optree-0.15.0-cp311-cp311-win_arm64.whl", hash = "sha256:081e8bed7583b625819659d68288365bd4348b3c4281935a6ecfa53c93619b13"},
    {file = "optree-0.15.0-cp312-cp312-macosx_10_13_universal2.whl", hash = "sha256:ba2eee9de9d57e145b4c1a71749f7f8b8fe1c645abbb306d4a26cfa45a9cdbb5"},
    {file = "optree-0.15.0-cp312-cp312-macosx_11_0_arm64.whl", hash = "sha256:4aad5023686cd7caad68d70ad3706b82cfe9ae8ff9a13c08c1edef2a9b4c9d72"},
    {file = "optree-0.15.0-cp312-cp312-manylinux_2_17_aarch64.manylinux2014_aarch64.whl", hash = "sha256:9810e84466025da55ce19ac6b2b79a5cb2c0c1349d318a17504f6e44528221f8"},
    {file = "optree-0.15.0-cp312-cp312-manylinux_2_17_i686.manylinux2014_i686.whl", hash = "sha256:20b07d8a097b810d68b0ee35f287c1f0b7c9844133ada613a92cc10bade9cdbe"},
    {file = "optree-0.15.0-cp312-cp312-manylinux_2_17_ppc64le.manylinux2014_ppc64le.whl", hash = "sha256:0304ec416258edebe2cd2a1ef71770e43405d5e7366ecbc134c520b4ab44d155"},
    {file = "optree-0.15.0-cp312-cp312-manylinux_2_17_s390x.manylinux2014_s390x.whl", hash = "sha256:759a72e6dcca3e7239d202a253e1e8e44e8df5033a5e178df585778ac85ddd13"},
    {file = "optree-0.15.0-cp312-cp312-manylinux_2_17_x86_64.manylinux2014_x86_64.whl", hash = "sha256:01a0dc75c594c884d0ca502b8d169cec538e19a70883d2e5f5b9b08fce740958"},
    {file = "optree-0.15.0-cp312-cp312-win32.whl", hash = "sha256:7e10e5c2a8110f5f4fbc999ff8580d1db3a915f851f63f602fff3bbd250ffa20"},
    {file = "optree-0.15.0-cp312-cp312-win_amd64.whl", hash = "sha256:def5b08f219c31edd029b47624e689ffa07747b0694222156f28a28d341d29ac"},
    {file = "optree-0.15.0-cp312-cp312-win_arm64.whl", hash = "sha256:8ec6d3040b1cbfe3f0bc045a3302ee9f9e329c2cd96e928360d22e1cfd9d973a"},
    {file = "optree-0.15.0-cp313-cp313-macosx_10_13_universal2.whl", hash = "sha256:4ab606720ae319cb43da47c71d7d5fa7cfbb6a02e6da4857331e6f93800c970e"},
    {file = "optree-0.15.0-cp313-cp313-macosx_11_0_arm64.whl", hash = "sha256:9cfc5771115f85b0bfa8f72cce1599186fd6a0ea71c8154d8b2751d9170be428"},
    {file = "optree-0.15.0-cp313-cp313-manylinux_2_17_aarch64.manylinux2014_aarch64.whl", hash = "sha256:8f958a20a311854aaab8bdd0f124aab5b9848f07976b54da3e95526a491aa860"},
    {file = "optree-0.15.0-cp313-cp313-manylinux_2_17_i686.manylinux2014_i686.whl", hash = "sha256:47ce7e9d81eaed5a05004df1fa279d2608e063dd5eb236e9c95803b4fa0a286c"},
    {file = "optree-0.15.0-cp313-cp313-manylinux_2_17_ppc64le.manylinux2014_ppc64le.whl", hash = "sha256:c6d6ab3717d48e0e747d9e348e23be1fa0f8a812f73632face6303c438d259ba"},
    {file = "optree-0.15.0-cp313-cp313-manylinux_2_17_s390x.manylinux2014_s390x.whl", hash = "sha256:9c7d101a15be39a9c7c4afae9f0bb85f682eb7d719117e2f9e5fb39c9f6f2c92"},
    {file = "optree-0.15.0-cp313-cp313-manylinux_2_17_x86_64.manylinux2014_x86_64.whl", hash = "sha256:aae337ab30b45a096eb5b4ffc3ad8909731617543a7eb288e0b297b9d10a241f"},
    {file = "optree-0.15.0-cp313-cp313-win32.whl", hash = "sha256:eb9c51d728485f5908111191b5403a3f9bc310d121a981f29fad45750b9ff89c"},
    {file = "optree-0.15.0-cp313-cp313-win_amd64.whl", hash = "sha256:7f00e6f011f021ae470efe070ec4d2339fb1a8cd0dcdd16fe3dab782a47aba45"},
    {file = "optree-0.15.0-cp313-cp313-win_arm64.whl", hash = "sha256:17990fbc7f4c461de7ae546fc5661f6a248c3dcee966c89c2e2e5ad7f6228bae"},
    {file = "optree-0.15.0-cp313-cp313t-macosx_10_13_universal2.whl", hash = "sha256:b31c88af70e3f5c14ff2aacd38c4076e6cde98f75169fe0bb59543f01bfb9719"},
    {file = "optree-0.15.0-cp313-cp313t-macosx_11_0_arm64.whl", hash = "sha256:bc440f81f738d9c822030c3b4f53b6dec9ceb52410f02fd06b9338dc25a8447f"},
    {file = "optree-0.15.0-cp313-cp313t-manylinux_2_17_aarch64.manylinux2014_aarch64.whl", hash = "sha256:76ffc2dd8c754e95495163dde55b38dc37e6712b6a3bc7f2190b0547a2c403bb"},
    {file = "optree-0.15.0-cp313-cp313t-manylinux_2_17_i686.manylinux2014_i686.whl", hash = "sha256:9fa9fb0197cd7b5f2b1fa7e05d30946b3b79bcfc3608fe54dbfc67969895cac9"},
    {file = "optree-0.15.0-cp313-cp313t-manylinux_2_17_ppc64le.manylinux2014_ppc64le.whl", hash = "sha256:6828639b01ba1177c04875dd9529d938d7b28122c97e7ae14ec41c68ec22826c"},
    {file = "optree-0.15.0-cp313-cp313t-manylinux_2_17_s390x.manylinux2014_s390x.whl", hash = "sha256:93c74eed0f52818c30212dba4867f5672e498567bad49dcdffbe8db6703a0d65"},
    {file = "optree-0.15.0-cp313-cp313t-manylinux_2_17_x86_64.manylinux2014_x86_64.whl", hash = "sha256:12188f6832c29dac37385a2f42fce961e303349909cff6d40e21cb27a8d09023"},
    {file = "optree-0.15.0-cp313-cp313t-win32.whl", hash = "sha256:d7b8ce7d13580985922dcfbda515da3f004cd7cb1b03320b96ea32d8cfd76392"},
    {file = "optree-0.15.0-cp313-cp313t-win_amd64.whl", hash = "sha256:daccdb583abaab14346f0af316ee570152a5c058e7b9fb09d8f8171fe751f2b3"},
    {file = "optree-0.15.0-cp313-cp313t-win_arm64.whl", hash = "sha256:e0162a36a6cedb0829efe980d0b370d4e5970fdb28a6609daa2c906d547add5f"},
    {file = "optree-0.15.0-cp38-cp38-macosx_10_9_universal2.whl", hash = "sha256:1a99941604a5a958b4e1cbd0caa8b2339aa716babde0189a92843b39d2a77e48"},
    {file = "optree-0.15.0-cp38-cp38-macosx_11_0_arm64.whl", hash = "sha256:8678ac0cdf752d6194f75637f3cd19af9071bc00967b05f00aff48727d373aab"},
    {file = "optree-0.15.0-cp38-cp38-manylinux_2_17_aarch64.manylinux2014_aarch64.whl", hash = "sha256:ce2a8d57b8fe0179f967494a7d19cff18f8cc0f2e9aff0ed2cb5e5605475a19a"},
    {file = "optree-0.15.0-cp38-cp38-manylinux_2_17_i686.manylinux2014_i686.whl", hash = "sha256:d1feca7404e69a0860940c9cf6a4e3af23457613c4c2338991dc9355dfbbc1ab"},
    {file = "optree-0.15.0-cp38-cp38-manylinux_2_17_ppc64le.manylinux2014_ppc64le.whl", hash = "sha256:d13c5d7d9af345bc96f441bfb313e4286f4495a20d29ad6499a8923c581c593e"},
    {file = "optree-0.15.0-cp38-cp38-manylinux_2_17_s390x.manylinux2014_s390x.whl", hash = "sha256:5614aebb65a18db496bbdf8b6ce4873779be5352cc91c7e2372984eaf1d4cce4"},
    {file = "optree-0.15.0-cp38-cp38-manylinux_2_17_x86_64.manylinux2014_x86_64.whl", hash = "sha256:def382dbd35ab715008c8604d64c67baf0d97a5f7389a56b5148bbfc9bb006a7"},
    {file = "optree-0.15.0-cp38-cp38-win32.whl", hash = "sha256:e7e0fb32ea05beec7d46a79e4c03701f060a2cfbd5ffa89abaf7b7d17e2d28aa"},
    {file = "optree-0.15.0-cp38-cp38-win_amd64.whl", hash = "sha256:ae66e98634f0c843c5c6b4f27508200971c1a66b726db29c30aba368cf23de5f"},
    {file = "optree-0.15.0-cp39-cp39-macosx_10_9_universal2.whl", hash = "sha256:0f9ea3208a14d1677c8966ea1eabe5b8f148424a8c3214ed4d4769beecd48a8a"},
    {file = "optree-0.15.0-cp39-cp39-macosx_11_0_arm64.whl", hash = "sha256:ebd608b02cb207e4851983b78f57e800c542758f131abe3b23cd4a5f0153676c"},
    {file = "optree-0.15.0-cp39-cp39-manylinux_2_17_aarch64.manylinux2014_aarch64.whl", hash = "sha256:09d11111194a6211e9d806828d29d932ad5f998ea156c76ad0e4d5da39654541"},
    {file = "optree-0.15.0-cp39-cp39-manylinux_2_17_i686.manylinux2014_i686.whl", hash = "sha256:44cb5d1e5317dbb3044ad4b76af2d4f5e51de73d6ff6e858077d8af00756fe16"},
    {file = "optree-0.15.0-cp39-cp39-manylinux_2_17_ppc64le.manylinux2014_ppc64le.whl", hash = "sha256:1493f3e97f921b8742368406d3de390f051a7c405959e2088d72b4a4ff3f5394"},
    {file = "optree-0.15.0-cp39-cp39-manylinux_2_17_s390x.manylinux2014_s390x.whl", hash = "sha256:fef87f006da3c4dfc914f6c0f863c7f4712e958f56c991c320b06026e9ccfd87"},
    {file = "optree-0.15.0-cp39-cp39-manylinux_2_17_x86_64.manylinux2014_x86_64.whl", hash = "sha256:ad409276099b89fb5077b0b9311c9e8500086888eba9c77546353c18d520bfe5"},
    {file = "optree-0.15.0-cp39-cp39-win32.whl", hash = "sha256:a6103a3d33cc300ea567f373680e29a29ae854e8775bf87231aae12664b4732e"},
    {file = "optree-0.15.0-cp39-cp39-win_amd64.whl", hash = "sha256:a68a813a2141493566178ae87e1906856f1549e2c3e439ff76801f8fb05bd3a7"},
    {file = "optree-0.15.0-cp39-cp39-win_arm64.whl", hash = "sha256:59d8d252cb83465ecac2f7ff457489606a56316fe8b8f7635770ee8e27b6a3b8"},
    {file = "optree-0.15.0-pp310-pypy310_pp73-macosx_11_0_arm64.whl", hash = "sha256:b30673fe30d4d77eef18534420491c27837f0b55dfe18107cfd9eca39a62de3b"},
    {file = "optree-0.15.0-pp310-pypy310_pp73-manylinux_2_17_aarch64.manylinux2014_aarch64.whl", hash = "sha256:d0f378d08b8a09f7e495c49cd94141c1acebc2aa7d567d7dd2cb44a707f29268"},
    {file = "optree-0.15.0-pp310-pypy310_pp73-manylinux_2_17_x86_64.manylinux2014_x86_64.whl", hash = "sha256:90dae741d683cbc47cba16a1b4af3c0d5d8c1042efb7c4aec7664a4f3f07eca2"},
    {file = "optree-0.15.0-pp310-pypy310_pp73-win_amd64.whl", hash = "sha256:cf790dd21dcaa0857888c03233276f5513821abfe605964e825837a30a24f0d7"},
    {file = "optree-0.15.0-pp311-pypy311_pp73-macosx_11_0_arm64.whl", hash = "sha256:21afadec56475f2a13670b8ecf7b767af4feb3ba5bd3a246cbbd8c1822e2a664"},
    {file = "optree-0.15.0-pp311-pypy311_pp73-manylinux_2_17_aarch64.manylinux2014_aarch64.whl", hash = "sha256:1a39bccc63223e040f36eb8b413fa1f94a190289eb82e7b384ed32d95d1ffd67"},
    {file = "optree-0.15.0-pp311-pypy311_pp73-manylinux_2_17_x86_64.manylinux2014_x86_64.whl", hash = "sha256:06aed485ab9c94f5b45a18f956bcb89bf6bad29632421da69da268cb49adb37b"},
    {file = "optree-0.15.0-pp311-pypy311_pp73-win_amd64.whl", hash = "sha256:07e9d75867ca39cce98375249b83a2033b0313cbfa32cbd06f93f7bc15104afc"},
    {file = "optree-0.15.0-pp39-pypy39_pp73-macosx_11_0_arm64.whl", hash = "sha256:3d237605b277d5600748c8a6f83f65e00c294b000ac8772f473fa41eb587ca15"},
    {file = "optree-0.15.0-pp39-pypy39_pp73-manylinux_2_17_aarch64.manylinux2014_aarch64.whl", hash = "sha256:9c82f0e88f43b5ec57b8e225175003dc6624dfa400fb56c18c0e4b4667bef805"},
    {file = "optree-0.15.0-pp39-pypy39_pp73-manylinux_2_17_x86_64.manylinux2014_x86_64.whl", hash = "sha256:2245f9a9fd5c7f042f07a476695fd4f6074f85036b5ff3d004f4da121220bf56"},
    {file = "optree-0.15.0-pp39-pypy39_pp73-win_amd64.whl", hash = "sha256:29e1fa90153908d968a2fcebf62bbbc0b434b5a75463a202c33ba3e13dc170ea"},
    {file = "optree-0.15.0.tar.gz", hash = "sha256:d00a45e3b192093ef2cd32bf0d541ecbfc93c1bd73a5f3fe36293499f28a50cf"},
]

[package.dependencies]
typing-extensions = ">=4.5.0"

[package.extras]
benchmark = ["dm-tree (>=0.1,<0.2.0a0)", "jax[cpu] (>=0.4.6,<0.5.0a0)", "pandas", "tabulate", "termcolor", "torch (>=2.0,<2.6.0a0)", "torchvision"]
docs = ["docutils", "jax[cpu]", "numpy", "sphinx", "sphinx-autoapi", "sphinx-autobuild", "sphinx-autodoc-typehints", "sphinx-copybutton", "sphinx-rtd-theme", "sphinxcontrib-bibtex", "torch"]
jax = ["jax"]
lint = ["cpplint", "doc8", "mypy", "pre-commit", "pyenchant", "pylint[spelling]", "ruff", "xdoctest"]
numpy = ["numpy"]
test = ["covdefaults", "pytest", "pytest-cov", "pytest-xdist"]
torch = ["torch"]

[[package]]
name = "packaging"
version = "25.0"
description = "Core utilities for Python packages"
optional = false
python-versions = ">=3.8"
groups = ["main", "dev"]
files = [
    {file = "packaging-25.0-py3-none-any.whl", hash = "sha256:29572ef2b1f17581046b3a2227d5c611fb25ec70ca1ba8554b24b0e69331a484"},
    {file = "packaging-25.0.tar.gz", hash = "sha256:d443872c98d677bf60f6a1f2f8c1cb748e8fe762d2bf9d3148b5599295b0fc4f"},
]

[[package]]
name = "pluggy"
version = "1.6.0"
description = "plugin and hook calling mechanisms for python"
optional = false
python-versions = ">=3.9"
groups = ["dev"]
files = [
    {file = "pluggy-1.6.0-py3-none-any.whl", hash = "sha256:e920276dd6813095e9377c0bc5566d94c932c33b27a3e3945d8389c374dd4746"},
    {file = "pluggy-1.6.0.tar.gz", hash = "sha256:7dcc130b76258d33b90f61b658791dede3486c3e6bfb003ee5c9bfb396dd22f3"},
]

[package.extras]
dev = ["pre-commit", "tox"]
testing = ["coverage", "pytest", "pytest-benchmark"]

[[package]]
name = "pygments"
version = "2.19.1"
description = "Pygments is a syntax highlighting package written in Python."
optional = false
python-versions = ">=3.8"
groups = ["main"]
files = [
    {file = "pygments-2.19.1-py3-none-any.whl", hash = "sha256:9ea1544ad55cecf4b8242fab6dd35a93bbce657034b0611ee383099054ab6d8c"},
    {file = "pygments-2.19.1.tar.gz", hash = "sha256:61c16d2a8576dc0649d9f39e089b5f02bcd27fba10d8fb4dcc28173f7a45151f"},
]

[package.extras]
windows-terminal = ["colorama (>=0.4.6)"]

[[package]]
name = "pytest"
version = "8.3.5"
description = "pytest: simple powerful testing with Python"
optional = false
python-versions = ">=3.8"
groups = ["dev"]
files = [
    {file = "pytest-8.3.5-py3-none-any.whl", hash = "sha256:c69214aa47deac29fad6c2a4f590b9c4a9fdb16a403176fe154b79c0b4d4d820"},
    {file = "pytest-8.3.5.tar.gz", hash = "sha256:f4efe70cc14e511565ac476b57c279e12a855b11f48f212af1080ef2263d3845"},
]

[package.dependencies]
colorama = {version = "*", markers = "sys_platform == \"win32\""}
exceptiongroup = {version = ">=1.0.0rc8", markers = "python_version < \"3.11\""}
iniconfig = "*"
packaging = "*"
pluggy = ">=1.5,<2"
tomli = {version = ">=1", markers = "python_version < \"3.11\""}

[package.extras]
dev = ["argcomplete", "attrs (>=19.2)", "hypothesis (>=3.56)", "mock", "pygments (>=2.7.2)", "requests", "setuptools", "xmlschema"]

[[package]]
name = "rich"
version = "14.0.0"
description = "Render rich text, tables, progress bars, syntax highlighting, markdown and more to the terminal"
optional = false
python-versions = ">=3.8.0"
groups = ["main"]
files = [
    {file = "rich-14.0.0-py3-none-any.whl", hash = "sha256:1c9491e1951aac09caffd42f448ee3d04e58923ffe14993f6e83068dc395d7e0"},
    {file = "rich-14.0.0.tar.gz", hash = "sha256:82f1bc23a6a21ebca4ae0c45af9bdbc492ed20231dcb63f297d6d1021a9d5725"},
]

[package.dependencies]
markdown-it-py = ">=2.2.0"
pygments = ">=2.13.0,<3.0.0"
typing-extensions = {version = ">=4.0.0,<5.0", markers = "python_version < \"3.11\""}

[package.extras]
jupyter = ["ipywidgets (>=7.5.1,<9)"]

[[package]]
name = "tomli"
version = "2.2.1"
description = "A lil' TOML parser"
optional = false
python-versions = ">=3.8"
groups = ["dev"]
markers = "python_version == \"3.10\""
files = [
    {file = "tomli-2.2.1-cp311-cp311-macosx_10_9_x86_64.whl", hash = "sha256:678e4fa69e4575eb77d103de3df8a895e1591b48e740211bd1067378c69e8249"},
    {file = "tomli-2.2.1-cp311-cp311-macosx_11_0_arm64.whl", hash = "sha256:023aa114dd824ade0100497eb2318602af309e5a55595f76b626d6d9f3b7b0a6"},
    {file = "tomli-2.2.1-cp311-cp311-manylinux_2_17_aarch64.manylinux2014_aarch64.whl", hash = "sha256:ece47d672db52ac607a3d9599a9d48dcb2f2f735c6c2d1f34130085bb12b112a"},
    {file = "tomli-2.2.1-cp311-cp311-manylinux_2_17_x86_64.manylinux2014_x86_64.whl", hash = "sha256:6972ca9c9cc9f0acaa56a8ca1ff51e7af152a9f87fb64623e31d5c83700080ee"},
    {file = "tomli-2.2.1-cp311-cp311-manylinux_2_5_i686.manylinux1_i686.manylinux_2_17_i686.manylinux2014_i686.whl", hash = "sha256:c954d2250168d28797dd4e3ac5cf812a406cd5a92674ee4c8f123c889786aa8e"},
    {file = "tomli-2.2.1-cp311-cp311-musllinux_1_2_aarch64.whl", hash = "sha256:8dd28b3e155b80f4d54beb40a441d366adcfe740969820caf156c019fb5c7ec4"},
    {file = "tomli-2.2.1-cp311-cp311-musllinux_1_2_i686.whl", hash = "sha256:e59e304978767a54663af13c07b3d1af22ddee3bb2fb0618ca1593e4f593a106"},
    {file = "tomli-2.2.1-cp311-cp311-musllinux_1_2_x86_64.whl", hash = "sha256:33580bccab0338d00994d7f16f4c4ec25b776af3ffaac1ed74e0b3fc95e885a8"},
    {file = "tomli-2.2.1-cp311-cp311-win32.whl", hash = "sha256:465af0e0875402f1d226519c9904f37254b3045fc5084697cefb9bdde1ff99ff"},
    {file = "tomli-2.2.1-cp311-cp311-win_amd64.whl", hash = "sha256:2d0f2fdd22b02c6d81637a3c95f8cd77f995846af7414c5c4b8d0545afa1bc4b"},
    {file = "tomli-2.2.1-cp312-cp312-macosx_10_13_x86_64.whl", hash = "sha256:4a8f6e44de52d5e6c657c9fe83b562f5f4256d8ebbfe4ff922c495620a7f6cea"},
    {file = "tomli-2.2.1-cp312-cp312-macosx_11_0_arm64.whl", hash = "sha256:8d57ca8095a641b8237d5b079147646153d22552f1c637fd3ba7f4b0b29167a8"},
    {file = "tomli-2.2.1-cp312-cp312-manylinux_2_17_aarch64.manylinux2014_aarch64.whl", hash = "sha256:4e340144ad7ae1533cb897d406382b4b6fede8890a03738ff1683af800d54192"},
    {file = "tomli-2.2.1-cp312-cp312-manylinux_2_17_x86_64.manylinux2014_x86_64.whl", hash = "sha256:db2b95f9de79181805df90bedc5a5ab4c165e6ec3fe99f970d0e302f384ad222"},
    {file = "tomli-2.2.1-cp312-cp312-manylinux_2_5_i686.manylinux1_i686.manylinux_2_17_i686.manylinux2014_i686.whl", hash = "sha256:40741994320b232529c802f8bc86da4e1aa9f413db394617b9a256ae0f9a7f77"},
    {file = "tomli-2.2.1-cp312-cp312-musllinux_1_2_aarch64.whl", hash = "sha256:400e720fe168c0f8521520190686ef8ef033fb19fc493da09779e592861b78c6"},
    {file = "tomli-2.2.1-cp312-cp312-musllinux_1_2_i686.whl", hash = "sha256:02abe224de6ae62c19f090f68da4e27b10af2b93213d36cf44e6e1c5abd19fdd"},
    {file = "tomli-2.2.1-cp312-cp312-musllinux_1_2_x86_64.whl", hash = "sha256:b82ebccc8c8a36f2094e969560a1b836758481f3dc360ce9a3277c65f374285e"},
    {file = "tomli-2.2.1-cp312-cp312-win32.whl", hash = "sha256:889f80ef92701b9dbb224e49ec87c645ce5df3fa2cc548664eb8a25e03127a98"},
    {file = "tomli-2.2.1-cp312-cp312-win_amd64.whl", hash = "sha256:7fc04e92e1d624a4a63c76474610238576942d6b8950a2d7f908a340494e67e4"},
    {file = "tomli-2.2.1-cp313-cp313-macosx_10_13_x86_64.whl", hash = "sha256:f4039b9cbc3048b2416cc57ab3bda989a6fcf9b36cf8937f01a6e731b64f80d7"},
    {file = "tomli-2.2.1-cp313-cp313-macosx_11_0_arm64.whl", hash = "sha256:286f0ca2ffeeb5b9bd4fcc8d6c330534323ec51b2f52da063b11c502da16f30c"},
    {file = "tomli-2.2.1-cp313-cp313-manylinux_2_17_aarch64.manylinux2014_aarch64.whl", hash = "sha256:a92ef1a44547e894e2a17d24e7557a5e85a9e1d0048b0b5e7541f76c5032cb13"},
    {file = "tomli-2.2.1-cp313-cp313-manylinux_2_17_x86_64.manylinux2014_x86_64.whl", hash = "sha256:9316dc65bed1684c9a98ee68759ceaed29d229e985297003e494aa825ebb0281"},
    {file = "tomli-2.2.1-cp313-cp313-manylinux_2_5_i686.manylinux1_i686.manylinux_2_17_i686.manylinux2014_i686.whl", hash = "sha256:e85e99945e688e32d5a35c1ff38ed0b3f41f43fad8df0bdf79f72b2ba7bc5272"},
    {file = "tomli-2.2.1-cp313-cp313-musllinux_1_2_aarch64.whl", hash = "sha256:ac065718db92ca818f8d6141b5f66369833d4a80a9d74435a268c52bdfa73140"},
    {file = "tomli-2.2.1-cp313-cp313-musllinux_1_2_i686.whl", hash = "sha256:d920f33822747519673ee656a4b6ac33e382eca9d331c87770faa3eef562aeb2"},
    {file = "tomli-2.2.1-cp313-cp313-musllinux_1_2_x86_64.whl", hash = "sha256:a198f10c4d1b1375d7687bc25294306e551bf1abfa4eace6650070a5c1ae2744"},
    {file = "tomli-2.2.1-cp313-cp313-win32.whl", hash = "sha256:d3f5614314d758649ab2ab3a62d4f2004c825922f9e370b29416484086b264ec"},
    {file = "tomli-2.2.1-cp313-cp313-win_amd64.whl", hash = "sha256:a38aa0308e754b0e3c67e344754dff64999ff9b513e691d0e786265c93583c69"},
    {file = "tomli-2.2.1-py3-none-any.whl", hash = "sha256:cb55c73c5f4408779d0cf3eef9f762b9c9f147a77de7b258bef0a5628adc85cc"},
    {file = "tomli-2.2.1.tar.gz", hash = "sha256:cd45e1dc79c835ce60f7404ec8119f2eb06d38b1deba146f07ced3bbc44505ff"},
]

[[package]]
name = "typing-extensions"
version = "4.13.2"
description = "Backported and Experimental Type Hints for Python 3.8+"
optional = false
python-versions = ">=3.8"
groups = ["main", "dev"]
files = [
    {file = "typing_extensions-4.13.2-py3-none-any.whl", hash = "sha256:a439e7c04b49fec3e5d3e2beaa21755cadbbdc391694e28ccdd36ca4a1408f8c"},
    {file = "typing_extensions-4.13.2.tar.gz", hash = "sha256:e6c81219bd689f51865d9e372991c540bda33a0379d5573cddb9a3a23f7caaef"},
]
markers = {dev = "python_version == \"3.10\""}

[metadata]
lock-version = "2.1"
python-versions = "^3.10"
content-hash = "026bba3ecc6b4f79e713c2628d38bab98d6f187e87a6eed05340e868f04db157"
